{
  "version": "1.0.0",
  "lockfileVersion": 1,
  "requires": true,
  "dependencies": {
    "@alicloud/mpserverless-alipay-sdk": {
      "version": "0.1.6",
      "resolved": "https://registry.npm.taobao.org/@alicloud/mpserverless-alipay-sdk/download/@alicloud/mpserverless-alipay-sdk-0.1.6.tgz",
      "integrity": "sha1-rcHTjrsDNS9PkM3yezxBqkUvmRU=",
      "requires": {
        "@alicloud/mpserverless-core": "^0.1.3",
        "@alicloud/mpserverless-miniapp-core": "^0.1.3"
      }
    },
    "@alicloud/mpserverless-core": {
      "version": "0.1.3",
      "resolved": "https://registry.npm.taobao.org/@alicloud/mpserverless-core/download/@alicloud/mpserverless-core-0.1.3.tgz",
      "integrity": "sha1-Jf7uf0U5eSPnCWfr6qiazWJ6wDY=",
      "requires": {
        "tslib": "^1.9.3"
      }
    },
    "@alicloud/mpserverless-miniapp-core": {
      "version": "0.1.3",
      "resolved": "https://registry.npm.taobao.org/@alicloud/mpserverless-miniapp-core/download/@alicloud/mpserverless-miniapp-core-0.1.3.tgz",
      "integrity": "sha1-3ZCZWSDNhe3BRN21gtg3k+POeUg=",
      "requires": {
        "tslib": "^1.9.3"
      }
    },
    "@alicloud/mpserverless-sdk": {
      "version": "2.2.5",
      "resolved": "https://registry.npm.taobao.org/@alicloud/mpserverless-sdk/download/@alicloud/mpserverless-sdk-2.2.5.tgz",
      "integrity": "sha1-f9uexTKQgp3upjkC+QG5yuxefws="
    },
    "@alicloud/tea-typescript": {
      "version": "1.6.0",
      "resolved": "https://registry.npm.taobao.org/@alicloud/tea-typescript/download/@alicloud/tea-typescript-1.6.0.tgz",
      "integrity": "sha1-uvY3n+Q4wAdPOdBg9tRB1Z7rKAo=",
      "requires": {
        "@types/node": "^12.0.2",
        "httpx": "^2.2.2"
      }
    },
    "@types/node": {
      "version": "12.12.34",
      "resolved": "https://registry.npm.taobao.org/@types/node/download/@types/node-12.12.34.tgz?cache=0&sync_timestamp=1585613445978&other_urls=https%3A%2F%2Fregistry.npm.taobao.org%2F%40types%2Fnode%2Fdownload%2F%40types%2Fnode-12.12.34.tgz",
      "integrity": "sha1-Cl1q5dImEvDPXxAyDh/F0qdF3Lg="
    },
    "alipay-serverless-sdk": {
      "version": "0.0.6",
      "resolved": "https://registry.npm.taobao.org/alipay-serverless-sdk/download/alipay-serverless-sdk-0.0.6.tgz",
      "integrity": "sha1-RHdsDo72sy+WvFsBhONkHuPRULE=",
      "requires": {
        "@alicloud/mpserverless-alipay-sdk": "^0.1.3",
        "@alicloud/tea-typescript": "^1.6.0",
        "mpserverless-sdk-core": "^0.0.14"
      }
    },
    "debug": {
      "version": "4.3.4",
      "resolved": "https://registry.npmmirror.com/debug/-/debug-4.3.4.tgz",
      "integrity": "sha512-PRWFHuSU3eDtQJPvnNY7Jcket1j0t5OuOsFzPPzsekD52Zl8qUfFIPEiswXqIvHWGVHOgX+7G/vCNNhehwxfkQ==",
      "requires": {
        "ms": "2.1.2"
      }
    },
    "httpx": {
      "version": "2.2.3",
      "resolved": "https://registry.npm.taobao.org/httpx/download/httpx-2.2.3.tgz",
      "integrity": "sha1-t+xOVMGUahPzrWY5SDzgO6KA+yQ=",
      "requires": {
        "@types/node": "^12.0.2",
        "debug": "^4.1.1"
      }
    },
    "mini-ali-ui": {
      "version": "1.0.5",
      "resolved": "https://registry.npm.taobao.org/mini-ali-ui/download/mini-ali-ui-1.0.5.tgz",
      "integrity": "sha1-qnv4bZERRRxzmxqxwpwjKwfhpbE="
    },
    "mpserverless-sdk-core": {
      "version": "0.0.14",
      "resolved": "https://registry.npm.taobao.org/mpserverless-sdk-core/download/mpserverless-sdk-core-0.0.14.tgz",
      "integrity": "sha1-oNeD4qi5M4gq8r3CfiSS6zKM/CU=",
      "requires": {
        "@alicloud/tea-typescript": "^1.6.0"
      }
    },
    "ms": {
      "version": "2.1.2",
      "resolved": "https://registry.npm.taobao.org/ms/download/ms-2.1.2.tgz",
      "integrity": "sha1-0J0fNXtEP0kzgqjrPM0YOHKuYAk="
    },
    "tslib": {
      "version": "1.11.1",
      "resolved": "https://registry.npm.taobao.org/tslib/download/tslib-1.11.1.tgz?cache=0&sync_timestamp=1582832152814&other_urls=https%3A%2F%2Fregistry.npm.taobao.org%2Ftslib%2Fdownload%2Ftslib-1.11.1.tgz",
      "integrity": "sha1-6xXRKIJ/vuKEFUnhcfRe0zisfjU="
    }
  }
}
